// !$*UTF8*$!
{
	archiveVersion = 1;
	classes = {
	};
	objectVersion = 46;
	objects = {

/* Begin PBXBuildFile section */
		2550AF281933B05B009B5544 /* Foundation.framework in Frameworks */ = {isa = PBXBuildFile; fileRef = 2550AF271933B05B009B5544 /* Foundation.framework */; };
		2550AF2A1933B05B009B5544 /* CoreGraphics.framework in Frameworks */ = {isa = PBXBuildFile; fileRef = 2550AF291933B05B009B5544 /* CoreGraphics.framework */; };
		2550AF2C1933B05B009B5544 /* UIKit.framework in Frameworks */ = {isa = PBXBuildFile; fileRef = 2550AF2B1933B05B009B5544 /* UIKit.framework */; };
		2550AF321933B05B009B5544 /* InfoPlist.strings in Resources */ = {isa = PBXBuildFile; fileRef = 2550AF301933B05B009B5544 /* InfoPlist.strings */; };
		2550AF341933B05B009B5544 /* main.m in Sources */ = {isa = PBXBuildFile; fileRef = 2550AF331933B05B009B5544 /* main.m */; };
		2550AF381933B05B009B5544 /* JJGAppDelegate.m in Sources */ = {isa = PBXBuildFile; fileRef = 2550AF371933B05B009B5544 /* JJGAppDelegate.m */; };
		2550AF3B1933B05B009B5544 /* Main.storyboard in Resources */ = {isa = PBXBuildFile; fileRef = 2550AF391933B05B009B5544 /* Main.storyboard */; };
		2550AF3E1933B05B009B5544 /* JJGViewController.m in Sources */ = {isa = PBXBuildFile; fileRef = 2550AF3D1933B05B009B5544 /* JJGViewController.m */; };
		2550AF401933B05B009B5544 /* Images.xcassets in Resources */ = {isa = PBXBuildFile; fileRef = 2550AF3F1933B05B009B5544 /* Images.xcassets */; };
		2550AF471933B05C009B5544 /* XCTest.framework in Frameworks */ = {isa = PBXBuildFile; fileRef = 2550AF461933B05C009B5544 /* XCTest.framework */; };
		2550AF481933B05C009B5544 /* Foundation.framework in Frameworks */ = {isa = PBXBuildFile; fileRef = 2550AF271933B05B009B5544 /* Foundation.framework */; };
		2550AF491933B05C009B5544 /* UIKit.framework in Frameworks */ = {isa = PBXBuildFile; fileRef = 2550AF2B1933B05B009B5544 /* UIKit.framework */; };
		2550AF511933B05C009B5544 /* InfoPlist.strings in Resources */ = {isa = PBXBuildFile; fileRef = 2550AF4F1933B05C009B5544 /* InfoPlist.strings */; };
		2550AF531933B05C009B5544 /* UIViewHierarchyTests.m in Sources */ = {isa = PBXBuildFile; fileRef = 2550AF521933B05C009B5544 /* UIViewHierarchyTests.m */; };
		2550AF6119357D65009B5544 /* JJGBubbleView.m in Sources */ = {isa = PBXBuildFile; fileRef = 2550AF6019357D65009B5544 /* JJGBubbleView.m */; };
/* End PBXBuildFile section */

/* Begin PBXContainerItemProxy section */
		2550AF4A1933B05C009B5544 /* PBXContainerItemProxy */ = {
			isa = PBXContainerItemProxy;
			containerPortal = 2550AF1C1933B05B009B5544 /* Project object */;
			proxyType = 1;
			remoteGlobalIDString = 2550AF231933B05B009B5544;
			remoteInfo = UIViewHierarchy;
		};
/* End PBXContainerItemProxy section */

/* Begin PBXFileReference section */
		2550AF241933B05B009B5544 /* UIViewHierarchy.app */ = {isa = PBXFileReference; explicitFileType = wrapper.application; includeInIndex = 0; path = UIViewHierarchy.app; sourceTree = BUILT_PRODUCTS_DIR; };
		2550AF271933B05B009B5544 /* Foundation.framework */ = {isa = PBXFileReference; lastKnownFileType = wrapper.framework; name = Foundation.framework; path = System/Library/Frameworks/Foundation.framework; sourceTree = SDKROOT; };
		2550AF291933B05B009B5544 /* CoreGraphics.framework */ = {isa = PBXFileReference; lastKnownFileType = wrapper.framework; name = CoreGraphics.framework; path = System/Library/Frameworks/CoreGraphics.framework; sourceTree = SDKROOT; };
		2550AF2B1933B05B009B5544 /* UIKit.framework */ = {isa = PBXFileReference; lastKnownFileType = wrapper.framework; name = UIKit.framework; path = System/Library/Frameworks/UIKit.framework; sourceTree = SDKROOT; };
		2550AF2F1933B05B009B5544 /* UIViewHierarchy-Info.plist */ = {isa = PBXFileReference; lastKnownFileType = text.plist.xml; path = "UIViewHierarchy-Info.plist"; sourceTree = "<group>"; };
		2550AF311933B05B009B5544 /* en */ = {isa = PBXFileReference; lastKnownFileType = text.plist.strings; name = en; path = en.lproj/InfoPlist.strings; sourceTree = "<group>"; };
		2550AF331933B05B009B5544 /* main.m */ = {isa = PBXFileReference; lastKnownFileType = sourcecode.c.objc; path = main.m; sourceTree = "<group>"; };
		2550AF351933B05B009B5544 /* UIViewHierarchy-Prefix.pch */ = {isa = PBXFileReference; lastKnownFileType = sourcecode.c.h; path = "UIViewHierarchy-Prefix.pch"; sourceTree = "<group>"; };
		2550AF361933B05B009B5544 /* JJGAppDelegate.h */ = {isa = PBXFileReference; lastKnownFileType = sourcecode.c.h; path = JJGAppDelegate.h; sourceTree = "<group>"; };
		2550AF371933B05B009B5544 /* JJGAppDelegate.m */ = {isa = PBXFileReference; lastKnownFileType = sourcecode.c.objc; path = JJGAppDelegate.m; sourceTree = "<group>"; };
		2550AF3A1933B05B009B5544 /* Base */ = {isa = PBXFileReference; lastKnownFileType = file.storyboard; name = Base; path = Base.lproj/Main.storyboard; sourceTree = "<group>"; };
		2550AF3C1933B05B009B5544 /* JJGViewController.h */ = {isa = PBXFileReference; lastKnownFileType = sourcecode.c.h; path = JJGViewController.h; sourceTree = "<group>"; };
		2550AF3D1933B05B009B5544 /* JJGViewController.m */ = {isa = PBXFileReference; lastKnownFileType = sourcecode.c.objc; path = JJGViewController.m; sourceTree = "<group>"; };
		2550AF3F1933B05B009B5544 /* Images.xcassets */ = {isa = PBXFileReference; lastKnownFileType = folder.assetcatalog; path = Images.xcassets; sourceTree = "<group>"; };
		2550AF451933B05C009B5544 /* UIViewHierarchyTests.xctest */ = {isa = PBXFileReference; explicitFileType = wrapper.cfbundle; includeInIndex = 0; path = UIViewHierarchyTests.xctest; sourceTree = BUILT_PRODUCTS_DIR; };
		2550AF461933B05C009B5544 /* XCTest.framework */ = {isa = PBXFileReference; lastKnownFileType = wrapper.framework; name = XCTest.framework; path = Library/Frameworks/XCTest.framework; sourceTree = DEVELOPER_DIR; };
		2550AF4E1933B05C009B5544 /* UIViewHierarchyTests-Info.plist */ = {isa = PBXFileReference; lastKnownFileType = text.plist.xml; path = "UIViewHierarchyTests-Info.plist"; sourceTree = "<group>"; };
		2550AF501933B05C009B5544 /* en */ = {isa = PBXFileReference; lastKnownFileType = text.plist.strings; name = en; path = en.lproj/InfoPlist.strings; sourceTree = "<group>"; };
		2550AF521933B05C009B5544 /* UIViewHierarchyTests.m */ = {isa = PBXFileReference; lastKnownFileType = sourcecode.c.objc; path = UIViewHierarchyTests.m; sourceTree = "<group>"; };
		2550AF5F19357D65009B5544 /* JJGBubbleView.h */ = {isa = PBXFileReference; fileEncoding = 4; lastKnownFileType = sourcecode.c.h; path = JJGBubbleView.h; sourceTree = "<group>"; };
		2550AF6019357D65009B5544 /* JJGBubbleView.m */ = {isa = PBXFileReference; fileEncoding = 4; lastKnownFileType = sourcecode.c.objc; path = JJGBubbleView.m; sourceTree = "<group>"; };
/* End PBXFileReference section */

/* Begin PBXFrameworksBuildPhase section */
		2550AF211933B05B009B5544 /* Frameworks */ = {
			isa = PBXFrameworksBuildPhase;
			buildActionMask = 2147483647;
			files = (
				2550AF2A1933B05B009B5544 /* CoreGraphics.framework in Frameworks */,
				2550AF2C1933B05B009B5544 /* UIKit.framework in Frameworks */,
				2550AF281933B05B009B5544 /* Foundation.framework in Frameworks */,
			);
			runOnlyForDeploymentPostprocessing = 0;
		};
		2550AF421933B05C009B5544 /* Frameworks */ = {
			isa = PBXFrameworksBuildPhase;
			buildActionMask = 2147483647;
			files = (
				2550AF471933B05C009B5544 /* XCTest.framework in Frameworks */,
				2550AF491933B05C009B5544 /* UIKit.framework in Frameworks */,
				2550AF481933B05C009B5544 /* Foundation.framework in Frameworks */,
			);
			runOnlyForDeploymentPostprocessing = 0;
		};
/* End PBXFrameworksBuildPhase section */

/* Begin PBXGroup section */
		2550AF1B1933B05B009B5544 = {
			isa = PBXGroup;
			children = (
				2550AF2D1933B05B009B5544 /* UIViewHierarchy */,
				2550AF4C1933B05C009B5544 /* UIViewHierarchyTests */,
				2550AF261933B05B009B5544 /* Frameworks */,
				2550AF251933B05B009B5544 /* Products */,
			);
			sourceTree = "<group>";
		};
		2550AF251933B05B009B5544 /* Products */ = {
			isa = PBXGroup;
			children = (
				2550AF241933B05B009B5544 /* UIViewHierarchy.app */,
				2550AF451933B05C009B5544 /* UIViewHierarchyTests.xctest */,
			);
			name = Products;
			sourceTree = "<group>";
		};
		2550AF261933B05B009B5544 /* Frameworks */ = {
			isa = PBXGroup;
			children = (
				2550AF271933B05B009B5544 /* Foundation.framework */,
				2550AF291933B05B009B5544 /* CoreGraphics.framework */,
				2550AF2B1933B05B009B5544 /* UIKit.framework */,
				2550AF461933B05C009B5544 /* XCTest.framework */,
			);
			name = Frameworks;
			sourceTree = "<group>";
		};
		2550AF2D1933B05B009B5544 /* UIViewHierarchy */ = {
			isa = PBXGroup;
			children = (
				2550AF361933B05B009B5544 /* JJGAppDelegate.h */,
				2550AF371933B05B009B5544 /* JJGAppDelegate.m */,
				2550AF391933B05B009B5544 /* Main.storyboard */,
				2550AF3C1933B05B009B5544 /* JJGViewController.h */,
				2550AF3D1933B05B009B5544 /* JJGViewController.m */,
				2550AF5F19357D65009B5544 /* JJGBubbleView.h */,
				2550AF6019357D65009B5544 /* JJGBubbleView.m */,
				2550AF3F1933B05B009B5544 /* Images.xcassets */,
				2550AF2E1933B05B009B5544 /* Supporting Files */,
			);
			path = UIViewHierarchy;
			sourceTree = "<group>";
		};
		2550AF2E1933B05B009B5544 /* Supporting Files */ = {
			isa = PBXGroup;
			children = (
				2550AF2F1933B05B009B5544 /* UIViewHierarchy-Info.plist */,
				2550AF301933B05B009B5544 /* InfoPlist.strings */,
				2550AF331933B05B009B5544 /* main.m */,
				2550AF351933B05B009B5544 /* UIViewHierarchy-Prefix.pch */,
			);
			name = "Supporting Files";
			sourceTree = "<group>";
		};
		2550AF4C1933B05C009B5544 /* UIViewHierarchyTests */ = {
			isa = PBXGroup;
			children = (
				2550AF521933B05C009B5544 /* UIViewHierarchyTests.m */,
				2550AF4D1933B05C009B5544 /* Supporting Files */,
			);
			path = UIViewHierarchyTests;
			sourceTree = "<group>";
		};
		2550AF4D1933B05C009B5544 /* Supporting Files */ = {
			isa = PBXGroup;
			children = (
				2550AF4E1933B05C009B5544 /* UIViewHierarchyTests-Info.plist */,
				2550AF4F1933B05C009B5544 /* InfoPlist.strings */,
			);
			name = "Supporting Files";
			sourceTree = "<group>";
		};
/* End PBXGroup section */

/* Begin PBXNativeTarget section */
		2550AF231933B05B009B5544 /* UIViewHierarchy */ = {
			isa = PBXNativeTarget;
			buildConfigurationList = 2550AF561933B05C009B5544 /* Build configuration list for PBXNativeTarget "UIViewHierarchy" */;
			buildPhases = (
				2550AF201933B05B009B5544 /* Sources */,
				2550AF211933B05B009B5544 /* Frameworks */,
				2550AF221933B05B009B5544 /* Resources */,
			);
			buildRules = (
			);
			dependencies = (
			);
			name = UIViewHierarchy;
			productName = UIViewHierarchy;
			productReference = 2550AF241933B05B009B5544 /* UIViewHierarchy.app */;
			productType = "com.apple.product-type.application";
		};
		2550AF441933B05C009B5544 /* UIViewHierarchyTests */ = {
			isa = PBXNativeTarget;
			buildConfigurationList = 2550AF591933B05C009B5544 /* Build configuration list for PBXNativeTarget "UIViewHierarchyTests" */;
			buildPhases = (
				2550AF411933B05C009B5544 /* Sources */,
				2550AF421933B05C009B5544 /* Frameworks */,
				2550AF431933B05C009B5544 /* Resources */,
			);
			buildRules = (
			);
			dependencies = (
				2550AF4B1933B05C009B5544 /* PBXTargetDependency */,
			);
			name = UIViewHierarchyTests;
			productName = UIViewHierarchyTests;
			productReference = 2550AF451933B05C009B5544 /* UIViewHierarchyTests.xctest */;
			productType = "com.apple.product-type.bundle.unit-test";
		};
/* End PBXNativeTarget section */

/* Begin PBXProject section */
		2550AF1C1933B05B009B5544 /* Project object */ = {
			isa = PBXProject;
			attributes = {
				CLASSPREFIX = JJG;
				LastUpgradeCheck = 0510;
				ORGANIZATIONNAME = "Jeff Gayle";
				TargetAttributes = {
					2550AF441933B05C009B5544 = {
						TestTargetID = 2550AF231933B05B009B5544;
					};
				};
			};
			buildConfigurationList = 2550AF1F1933B05B009B5544 /* Build configuration list for PBXProject "UIViewHierarchy" */;
			compatibilityVersion = "Xcode 3.2";
			developmentRegion = English;
			hasScannedForEncodings = 0;
			knownRegions = (
				en,
				Base,
			);
			mainGroup = 2550AF1B1933B05B009B5544;
			productRefGroup = 2550AF251933B05B009B5544 /* Products */;
			projectDirPath = "";
			projectRoot = "";
			targets = (
				2550AF231933B05B009B5544 /* UIViewHierarchy */,
				2550AF441933B05C009B5544 /* UIViewHierarchyTests */,
			);
		};
/* End PBXProject section */

/* Begin PBXResourcesBuildPhase section */
		2550AF221933B05B009B5544 /* Resources */ = {
			isa = PBXResourcesBuildPhase;
			buildActionMask = 2147483647;
			files = (
				2550AF401933B05B009B5544 /* Images.xcassets in Resources */,
				2550AF321933B05B009B5544 /* InfoPlist.strings in Resources */,
				2550AF3B1933B05B009B5544 /* Main.storyboard in Resources */,
			);
			runOnlyForDeploymentPostprocessing = 0;
		};
		2550AF431933B05C009B5544 /* Resources */ = {
			isa = PBXResourcesBuildPhase;
			buildActionMask = 2147483647;
			files = (
				2550AF511933B05C009B5544 /* InfoPlist.strings in Resources */,
			);
			runOnlyForDeploymentPostprocessing = 0;
		};
/* End PBXResourcesBuildPhase section */

/* Begin PBXSourcesBuildPhase section */
		2550AF201933B05B009B5544 /* Sources */ = {
			isa = PBXSourcesBuildPhase;
			buildActionMask = 2147483647;
			files = (
				2550AF6119357D65009B5544 /* JJGBubbleView.m in Sources */,
				2550AF381933B05B009B5544 /* JJGAppDelegate.m in Sources */,
				2550AF341933B05B009B5544 /* main.m in Sources */,
				2550AF3E1933B05B009B5544 /* JJGViewController.m in Sources */,
			);
			runOnlyForDeploymentPostprocessing = 0;
		};
		2550AF411933B05C009B5544 /* Sources */ = {
			isa = PBXSourcesBuildPhase;
			buildActionMask = 2147483647;
			files = (
				2550AF531933B05C009B5544 /* UIViewHierarchyTests.m in Sources */,
			);
			runOnlyForDeploymentPostprocessing = 0;
		};
/* End PBXSourcesBuildPhase section */

/* Begin PBXTargetDependency section */
		2550AF4B1933B05C009B5544 /* PBXTargetDependency */ = {
			isa = PBXTargetDependency;
			target = 2550AF231933B05B009B5544 /* UIViewHierarchy */;
			targetProxy = 2550AF4A1933B05C009B5544 /* PBXContainerItemProxy */;
		};
/* End PBXTargetDependency section */

/* Begin PBXVariantGroup section */
		2550AF301933B05B009B5544 /* InfoPlist.strings */ = {
			isa = PBXVariantGroup;
			children = (
				2550AF311933B05B009B5544 /* en */,
			);
			name = InfoPlist.strings;
			sourceTree = "<group>";
		};
		2550AF391933B05B009B5544 /* Main.storyboard */ = {
			isa = PBXVariantGroup;
			children = (
				2550AF3A1933B05B009B5544 /* Base */,
			);
			name = Main.storyboard;
			sourceTree = "<group>";
		};
		2550AF4F1933B05C009B5544 /* InfoPlist.strings */ = {
			isa = PBXVariantGroup;
			children = (
				2550AF501933B05C009B5544 /* en */,
			);
			name = InfoPlist.strings;
			sourceTree = "<group>";
		};
/* End PBXVariantGroup section */

/* Begin XCBuildConfiguration section */
		2550AF541933B05C009B5544 /* Debug */ = {
			isa = XCBuildConfiguration;
			buildSettings = {
				ALWAYS_SEARCH_USER_PATHS = NO;
				CLANG_CXX_LANGUAGE_STANDARD = "gnu++0x";
				CLANG_CXX_LIBRARY = "libc++";
				CLANG_ENABLE_MODULES = YES;
				CLANG_ENABLE_OBJC_ARC = YES;
				CLANG_WARN_BOOL_CONVERSION = YES;
				CLANG_WARN_CONSTANT_CONVERSION = YES;
				CLANG_WARN_DIRECT_OBJC_ISA_USAGE = YES_ERROR;
				CLANG_WARN_EMPTY_BODY = YES;
				CLANG_WARN_ENUM_CONVERSION = YES;
				CLANG_WARN_INT_CONVERSION = YES;
				CLANG_WARN_OBJC_ROOT_CLASS = YES_ERROR;
				CLANG_WARN__DUPLICATE_METHOD_MATCH = YES;
				"CODE_SIGN_IDENTITY[sdk=iphoneos*]" = "iPhone Developer";
				COPY_PHASE_STRIP = NO;
				GCC_C_LANGUAGE_STANDARD = gnu99;
				GCC_DYNAMIC_NO_PIC = NO;
				GCC_OPTIMIZATION_LEVEL = 0;
				GCC_PREPROCESSOR_DEFINITIONS = (
					"DEBUG=1",
					"$(inherited)",
				);
				GCC_SYMBOLS_PRIVATE_EXTERN = NO;
				GCC_WARN_64_TO_32_BIT_CONVERSION = YES;
				GCC_WARN_ABOUT_RETURN_TYPE = YES_ERROR;
				GCC_WARN_UNDECLARED_SELECTOR = YES;
				GCC_WARN_UNINITIALIZED_AUTOS = YES_AGGRESSIVE;
				GCC_WARN_UNUSED_FUNCTION = YES;
				GCC_WARN_UNUSED_VARIABLE = YES;
				IPHONEOS_DEPLOYMENT_TARGET = 7.1;
				ONLY_ACTIVE_ARCH = YES;
				SDKROOT = iphoneos;
			};
			name = Debug;
		};
		2550AF551933B05C009B5544 /* Release */ = {
			isa = XCBuildConfiguration;
			buildSettings = {
				ALWAYS_SEARCH_USER_PATHS = NO;
				CLANG_CXX_LANGUAGE_STANDARD = "gnu++0x";
				CLANG_CXX_LIBRARY = "libc++";
				CLANG_ENABLE_MODULES = YES;
				CLANG_ENABLE_OBJC_ARC = YES;
				CLANG_WARN_BOOL_CONVERSION = YES;
				CLANG_WARN_CONSTANT_CONVERSION = YES;
				CLANG_WARN_DIRECT_OBJC_ISA_USAGE = YES_ERROR;
				CLANG_WARN_EMPTY_BODY = YES;
				CLANG_WARN_ENUM_CONVERSION = YES;
				CLANG_WARN_INT_CONVERSION = YES;
				CLANG_WARN_OBJC_ROOT_CLASS = YES_ERROR;
				CLANG_WARN__DUPLICATE_METHOD_MATCH = YES;
				"CODE_SIGN_IDENTITY[sdk=iphoneos*]" = "iPhone Developer";
				COPY_PHASE_STRIP = YES;
				ENABLE_NS_ASSERTIONS = NO;
				GCC_C_LANGUAGE_STANDARD = gnu99;
				GCC_WARN_64_TO_32_BIT_CONVERSION = YES;
				GCC_WARN_ABOUT_RETURN_TYPE = YES_ERROR;
				GCC_WARN_UNDECLARED_SELECTOR = YES;
				GCC_WARN_UNINITIALIZED_AUTOS = YES_AGGRESSIVE;
				GCC_WARN_UNUSED_FUNCTION = YES;
				GCC_WARN_UNUSED_VARIABLE = YES;
				IPHONEOS_DEPLOYMENT_TARGET = 7.1;
				SDKROOT = iphoneos;
				VALIDATE_PRODUCT = YES;
			};
			name = Release;
		};
		2550AF571933B05C009B5544 /* Debug */ = {
			isa = XCBuildConfiguration;
			buildSettings = {
				ASSETCATALOG_COMPILER_APPICON_NAME = AppIcon;
				ASSETCATALOG_COMPILER_LAUNCHIMAGE_NAME = LaunchImage;
				GCC_PRECOMPILE_PREFIX_HEADER = YES;
				GCC_PREFIX_HEADER = "UIViewHierarchy/UIViewHierarchy-Prefix.pch";
				INFOPLIST_FILE = "UIViewHierarchy/UIViewHierarchy-Info.plist";
				PRODUCT_NAME = "$(TARGET_NAME)";
				WRAPPER_EXTENSION = app;
			};
			name = Debug;
		};
		2550AF581933B05C009B5544 /* Release */ = {
			isa = XCBuildConfiguration;
			buildSettings = {
				ASSETCATALOG_COMPILER_APPICON_NAME = AppIcon;
				ASSETCATALOG_COMPILER_LAUNCHIMAGE_NAME = LaunchImage;
				GCC_PRECOMPILE_PREFIX_HEADER = YES;
				GCC_PREFIX_HEADER = "UIViewHierarchy/UIViewHierarchy-Prefix.pch";
				INFOPLIST_FILE = "UIViewHierarchy/UIViewHierarchy-Info.plist";
				PRODUCT_NAME = "$(TARGET_NAME)";
				WRAPPER_EXTENSION = app;
			};
			name = Release;
		};
		2550AF5A1933B05C009B5544 /* Debug */ = {
			isa = XCBuildConfiguration;
			buildSettings = {
				BUNDLE_LOADER = "$(BUILT_PRODUCTS_DIR)/UIViewHierarchy.app/UIViewHierarchy";
				FRAMEWORK_SEARCH_PATHS = (
					"$(SDKROOT)/Developer/Library/Frameworks",
					"$(inherited)",
					"$(DEVELOPER_FRAMEWORKS_DIR)",
				);
				GCC_PRECOMPILE_PREFIX_HEADER = YES;
				GCC_PREFIX_HEADER = "UIViewHierarchy/UIViewHierarchy-Prefix.pch";
				GCC_PREPROCESSOR_DEFINITIONS = (
					"DEBUG=1",
					"$(inherited)",
				);
				INFOPLIST_FILE = "UIViewHierarchyTests/UIViewHierarchyTests-Info.plist";
				PRODUCT_NAME = "$(TARGET_NAME)";
				TEST_HOST = "$(BUNDLE_LOADER)";
				WRAPPER_EXTENSION = xctest;
			};
			name = Debug;
		};
		2550AF5B1933B05C009B5544 /* Release */ = {
			isa = XCBuildConfiguration;
			buildSettings = {
				BUNDLE_LOADER = "$(BUILT_PRODUCTS_DIR)/UIViewHierarchy.app/UIViewHierarchy";
				FRAMEWORK_SEARCH_PATHS = (
					"$(SDKROOT)/Developer/Library/Frameworks",
					"$(inherited)",
					"$(DEVELOPER_FRAMEWORKS_DIR)",
				);
				GCC_PRECOMPILE_PREFIX_HEADER = YES;
				GCC_PREFIX_HEADER = "UIViewHierarchy/UIViewHierarchy-Prefix.pch";
				INFOPLIST_FILE = "UIViewHierarchyTests/UIViewHierarchyTests-Info.plist";
				PRODUCT_NAME = "$(TARGET_NAME)";
				TEST_HOST = "$(BUNDLE_LOADER)";
				WRAPPER_EXTENSION = xctest;
			};
			name = Release;
		};
/* End XCBuildConfiguration section */

/* Begin XCConfigurationList section */
		2550AF1F1933B05B009B5544 /* Build configuration list for PBXProject "UIViewHierarchy" */ = {
			isa = XCConfigurationList;
			buildConfigurations = (
				2550AF541933B05C009B5544 /* Debug */,
				2550AF551933B05C009B5544 /* Release */,
			);
			defaultConfigurationIsVisible = 0;
			defaultConfigurationName = Release;
		};
		2550AF561933B05C009B5544 /* Build configuration list for PBXNativeTarget "UIViewHierarchy" */ = {
			isa = XCConfigurationList;
			buildConfigurations = (
				2550AF571933B05C009B5544 /* Debug */,
				2550AF581933B05C009B5544 /* Release */,
			);
			defaultConfigurationIsVisible = 0;
		};
		2550AF591933B05C009B5544 /* Build configuration list for PBXNativeTarget "UIViewHierarchyTests" */ = {
			isa = XCConfigurationList;
			buildConfigurations = (
				2550AF5A1933B05C009B5544 /* Debug */,
				2550AF5B1933B05C009B5544 /* Release */,
			);
			defaultConfigurationIsVisible = 0;
		};
/* End XCConfigurationList section */
	};
	rootObject = 2550AF1C1933B05B009B5544 /* Project object */;
}
